
Microsoft Visual Studio Solution File, Format Version 11.00
# Visual Studio 2010
Project("{FAE04EC0-301F-11D3-BF4B-00C04F79EFBC}") = "Challenge.DataLayer", "Challenge.DataLayer\Challenge.DataLayer.csproj", "{98EB21E1-E2C0-49DD-A10B-2F6C0AFAF715}"
EndProject
Project("{FAE04EC0-301F-11D3-BF4B-00C04F79EFBC}") = "Challenge.BusinessLogic", "Challenge.BusinessLogic\Challenge.BusinessLogic.csproj", "{B347206A-E587-49D5-BE21-B8A5AC87513B}"
EndProject
Project("{FAE04EC0-301F-11D3-BF4B-00C04F79EFBC}") = "ChallengeRestFul", "ChallengeRestFul\ChallengeRestFul.csproj", "{76F58137-C0FB-4E2E-BAAB-2B0057CB3702}"
EndProject
Project("{FAE04EC0-301F-11D3-BF4B-00C04F79EFBC}") = "MvcAppWebSite", "MvcAppWebSite\MvcAppWebSite.csproj", "{5C636E11-0DFF-46B7-A838-24C4A07165AF}"
EndProject
Global
	GlobalSection(SolutionConfigurationPlatforms) = preSolution
		Debug|Any CPU = Debug|Any CPU
		Release|Any CPU = Release|Any CPU
	EndGlobalSection
	GlobalSection(ProjectConfigurationPlatforms) = postSolution
		{98EB21E1-E2C0-49DD-A10B-2F6C0AFAF715}.Debug|Any CPU.ActiveCfg = Debug|Any CPU
		{98EB21E1-E2C0-49DD-A10B-2F6C0AFAF715}.Debug|Any CPU.Build.0 = Debug|Any CPU
		{98EB21E1-E2C0-49DD-A10B-2F6C0AFAF715}.Release|Any CPU.ActiveCfg = Release|Any CPU
		{98EB21E1-E2C0-49DD-A10B-2F6C0AFAF715}.Release|Any CPU.Build.0 = Release|Any CPU
		{B347206A-E587-49D5-BE21-B8A5AC87513B}.Debug|Any CPU.ActiveCfg = Debug|Any CPU
		{B347206A-E587-49D5-BE21-B8A5AC87513B}.Debug|Any CPU.Build.0 = Debug|Any CPU
		{B347206A-E587-49D5-BE21-B8A5AC87513B}.Release|Any CPU.ActiveCfg = Release|Any CPU
		{B347206A-E587-49D5-BE21-B8A5AC87513B}.Release|Any CPU.Build.0 = Release|Any CPU
		{76F58137-C0FB-4E2E-BAAB-2B0057CB3702}.Debug|Any CPU.ActiveCfg = Debug|Any CPU
		{76F58137-C0FB-4E2E-BAAB-2B0057CB3702}.Debug|Any CPU.Build.0 = Debug|Any CPU
		{76F58137-C0FB-4E2E-BAAB-2B0057CB3702}.Release|Any CPU.ActiveCfg = Release|Any CPU
		{76F58137-C0FB-4E2E-BAAB-2B0057CB3702}.Release|Any CPU.Build.0 = Release|Any CPU
		{5C636E11-0DFF-46B7-A838-24C4A07165AF}.Debug|Any CPU.ActiveCfg = Debug|Any CPU
		{5C636E11-0DFF-46B7-A838-24C4A07165AF}.Debug|Any CPU.Build.0 = Debug|Any CPU
		{5C636E11-0DFF-46B7-A838-24C4A07165AF}.Release|Any CPU.ActiveCfg = Release|Any CPU
		{5C636E11-0DFF-46B7-A838-24C4A07165AF}.Release|Any CPU.Build.0 = Release|Any CPU
	EndGlobalSection
	GlobalSection(SolutionProperties) = preSolution
		HideSolutionNode = FALSE
	EndGlobalSection
EndGlobal
